
Microsoft Visual Studio Solution File, Format Version 12.00
# Visual Studio Version 16
VisualStudioVersion = 16.0.33920.266
MinimumVisualStudioVersion = 10.0.40219.1
Project("{FAE04EC0-301F-11D3-BF4B-00C04F79EFBC}") = "balcao", "balcao.csproj", "{49BB4F2B-DE22-4196-A8CA-C00EB1A6CB83}"
EndProject
Global
	GlobalSection(SolutionConfigurationPlatforms) = preSolution
		Debug|Any CPU = Debug|Any CPU
		Release|Any CPU = Release|Any CPU
	EndGlobalSection
	GlobalSection(ProjectConfigurationPlatforms) = postSolution
		{49BB4F2B-DE22-4196-A8CA-C00EB1A6CB83}.Debug|Any CPU.ActiveCfg = Debug|Any CPU
		{49BB4F2B-DE22-4196-A8CA-C00EB1A6CB83}.Debug|Any CPU.Build.0 = Debug|Any CPU
		{49BB4F2B-DE22-4196-A8CA-C00EB1A6CB83}.Release|Any CPU.ActiveCfg = Release|Any CPU
		{49BB4F2B-DE22-4196-A8CA-C00EB1A6CB83}.Release|Any CPU.Build.0 = Release|Any CPU
	EndGlobalSection
	GlobalSection(SolutionProperties) = preSolution
		HideSolutionNode = FALSE
	EndGlobalSection
	GlobalSection(ExtensibilityGlobals) = postSolution
		SolutionGuid = {677E27D1-EC3B-4331-8FCD-0A226048C0A0}
	EndGlobalSection
EndGlobal
